Microsoft Visual Studio Solution File, Format Version 12.00
# Visual Studio 2012
Project("{FAE04EC0-301F-11D3-BF4B-00C04F79EFBC}") = "godot-3d-doge-the-creeps", "godot-3d-doge-the-creeps.csproj", "{7E4CF287-7EF4-4BBE-8581-A34DAC1C69BE}"
EndProject
Global
	GlobalSection(SolutionConfigurationPlatforms) = preSolution
	Debug|Any CPU = Debug|Any CPU
	ExportDebug|Any CPU = ExportDebug|Any CPU
	ExportRelease|Any CPU = ExportRelease|Any CPU
	EndGlobalSection
	GlobalSection(ProjectConfigurationPlatforms) = postSolution
		{7E4CF287-7EF4-4BBE-8581-A34DAC1C69BE}.Debug|Any CPU.ActiveCfg = Debug|Any CPU
		{7E4CF287-7EF4-4BBE-8581-A34DAC1C69BE}.Debug|Any CPU.Build.0 = Debug|Any CPU
		{7E4CF287-7EF4-4BBE-8581-A34DAC1C69BE}.ExportDebug|Any CPU.ActiveCfg = ExportDebug|Any CPU
		{7E4CF287-7EF4-4BBE-8581-A34DAC1C69BE}.ExportDebug|Any CPU.Build.0 = ExportDebug|Any CPU
		{7E4CF287-7EF4-4BBE-8581-A34DAC1C69BE}.ExportRelease|Any CPU.ActiveCfg = ExportRelease|Any CPU
		{7E4CF287-7EF4-4BBE-8581-A34DAC1C69BE}.ExportRelease|Any CPU.Build.0 = ExportRelease|Any CPU
	EndGlobalSection
EndGlobal
